// !$*UTF8*$!
{
	archiveVersion = 1;
	classes = {
	};
	objectVersion = 46;
	objects = {

/* Begin PBXAggregateTarget section */
		24416B8111C4CA220047AFDD /* Build & Test */ = {
			isa = PBXAggregateTarget;
			buildConfigurationList = 24416B8A11C4CA520047AFDD /* Build configuration list for PBXAggregateTarget "Build & Test" */;
			buildPhases = (
				24416B8011C4CA220047AFDD /* ShellScript */,
			);
			dependencies = (
				24416B8511C4CA280047AFDD /* PBXTargetDependency */,
			);
			name = "Build & Test";
			productName = "Build & test";
		};
/* End PBXAggregateTarget section */

/* Begin PBXBuildFile section */
		1D67A52C162C7ABB0054323D /* Foundation.framework in Frameworks */ = {isa = PBXBuildFile; fileRef = AACBBE490F95108600F1A2B1 /* Foundation.framework */; };
		24DD6CF91134B3F500162E58 /* ComObscureRichTextModule.h in Headers */ = {isa = PBXBuildFile; fileRef = 24DD6CF71134B3F500162E58 /* ComObscureRichTextModule.h */; };
		24DD6CFA1134B3F500162E58 /* ComObscureRichTextModule.m in Sources */ = {isa = PBXBuildFile; fileRef = 24DD6CF81134B3F500162E58 /* ComObscureRichTextModule.m */; };
		AA747D9F0F9514B9006C5449 /* ComObscureRichText_Prefix.pch in Headers */ = {isa = PBXBuildFile; fileRef = AA747D9E0F9514B9006C5449 /* ComObscureRichText_Prefix.pch */; };
		DA2CF7A0154EFC0D0023A07E /* libDTCoreText.a in Frameworks */ = {isa = PBXBuildFile; fileRef = DA2CF78A154EFBE30023A07E /* libDTCoreText.a */; };
		DA67AA35154EF43E009BDBD7 /* ComObscureRichTextRichTextViewProxy.h in Headers */ = {isa = PBXBuildFile; fileRef = DA67AA33154EF43E009BDBD7 /* ComObscureRichTextRichTextViewProxy.h */; };
		DA67AA36154EF43E009BDBD7 /* ComObscureRichTextRichTextViewProxy.m in Sources */ = {isa = PBXBuildFile; fileRef = DA67AA34154EF43E009BDBD7 /* ComObscureRichTextRichTextViewProxy.m */; };
		DA67AA39154EF456009BDBD7 /* ComObscureRichTextRichTextView.h in Headers */ = {isa = PBXBuildFile; fileRef = DA67AA37154EF456009BDBD7 /* ComObscureRichTextRichTextView.h */; };
		DA67AA3A154EF456009BDBD7 /* ComObscureRichTextRichTextView.m in Sources */ = {isa = PBXBuildFile; fileRef = DA67AA38154EF456009BDBD7 /* ComObscureRichTextRichTextView.m */; };
		DA67AA3C154EF555009BDBD7 /* ImageIO.framework in Frameworks */ = {isa = PBXBuildFile; fileRef = DA67AA3B154EF555009BDBD7 /* ImageIO.framework */; };
		DA67AA3E154EF55C009BDBD7 /* QuartzCore.framework in Frameworks */ = {isa = PBXBuildFile; fileRef = DA67AA3D154EF55C009BDBD7 /* QuartzCore.framework */; };
		DA67AA40154EF561009BDBD7 /* libxml2.dylib in Frameworks */ = {isa = PBXBuildFile; fileRef = DA67AA3F154EF561009BDBD7 /* libxml2.dylib */; };
		DA67AA42154EF567009BDBD7 /* CoreText.framework in Frameworks */ = {isa = PBXBuildFile; fileRef = DA67AA41154EF567009BDBD7 /* CoreText.framework */; };
/* End PBXBuildFile section */

/* Begin PBXContainerItemProxy section */
		1D67A52A162C79640054323D /* PBXContainerItemProxy */ = {
			isa = PBXContainerItemProxy;
			containerPortal = DA2CF778154EFBE30023A07E /* DTCoreText.xcodeproj */;
			proxyType = 1;
			remoteGlobalIDString = A70F11DD148632CD009202BF;
			remoteInfo = "Static Library";
		};
		24416B8411C4CA280047AFDD /* PBXContainerItemProxy */ = {
			isa = PBXContainerItemProxy;
			containerPortal = 0867D690FE84028FC02AAC07 /* Project object */;
			proxyType = 1;
			remoteGlobalIDString = D2AAC07D0554694100DB518D;
			remoteInfo = richtext;
		};
		DA2CF785154EFBE30023A07E /* PBXContainerItemProxy */ = {
			isa = PBXContainerItemProxy;
			containerPortal = DA2CF778154EFBE30023A07E /* DTCoreText.xcodeproj */;
			proxyType = 2;
			remoteGlobalIDString = 1D6058910D05DD3D006BFB54;
			remoteInfo = DemoApp;
		};
		DA2CF787154EFBE30023A07E /* PBXContainerItemProxy */ = {
			isa = PBXContainerItemProxy;
			containerPortal = DA2CF778154EFBE30023A07E /* DTCoreText.xcodeproj */;
			proxyType = 2;
			remoteGlobalIDString = A70F119B14863198009202BF;
			remoteInfo = "Static Framework";
		};
		DA2CF789154EFBE30023A07E /* PBXContainerItemProxy */ = {
			isa = PBXContainerItemProxy;
			containerPortal = DA2CF778154EFBE30023A07E /* DTCoreText.xcodeproj */;
			proxyType = 2;
			remoteGlobalIDString = A70F11DE148632CD009202BF;
			remoteInfo = "Static Library";
		};
		DA2CF78B154EFBE30023A07E /* PBXContainerItemProxy */ = {
			isa = PBXContainerItemProxy;
			containerPortal = DA2CF778154EFBE30023A07E /* DTCoreText.xcodeproj */;
			proxyType = 2;
			remoteGlobalIDString = A788CA681486456100E1AFD9;
			remoteInfo = UnitTest;
		};
		DA2CF78D154EFBE30023A07E /* PBXContainerItemProxy */ = {
			isa = PBXContainerItemProxy;
			containerPortal = DA2CF778154EFBE30023A07E /* DTCoreText.xcodeproj */;
			proxyType = 2;
			remoteGlobalIDString = A7949A5814CC456000A8CCDE;
			remoteInfo = MacUnitTest;
		};
/* End PBXContainerItemProxy section */

/* Begin PBXFileReference section */
		1D6C603016008FED0066CF95 /* CGUtils.h */ = {isa = PBXFileReference; fileEncoding = 4; lastKnownFileType = sourcecode.c.h; path = CGUtils.h; sourceTree = "<group>"; };
		1D6C603116008FED0066CF95 /* CGUtils.m */ = {isa = PBXFileReference; fileEncoding = 4; lastKnownFileType = sourcecode.c.objc; path = CGUtils.m; sourceTree = "<group>"; };
		1D6C603216008FED0066CF95 /* default.css */ = {isa = PBXFileReference; fileEncoding = 4; lastKnownFileType = text.css; path = default.css; sourceTree = "<group>"; };
		1D6C603316008FED0066CF95 /* default.css.c */ = {isa = PBXFileReference; fileEncoding = 4; lastKnownFileType = sourcecode.c.c; path = default.css.c; sourceTree = "<group>"; };
		1D6C603416008FED0066CF95 /* DTAttributedTextCell.h */ = {isa = PBXFileReference; fileEncoding = 4; lastKnownFileType = sourcecode.c.h; path = DTAttributedTextCell.h; sourceTree = "<group>"; };
		1D6C603516008FED0066CF95 /* DTAttributedTextCell.m */ = {isa = PBXFileReference; fileEncoding = 4; lastKnownFileType = sourcecode.c.objc; path = DTAttributedTextCell.m; sourceTree = "<group>"; xcLanguageSpecificationIdentifier = xcode.lang.objc; };
		1D6C603616008FED0066CF95 /* DTAttributedTextContentView.h */ = {isa = PBXFileReference; fileEncoding = 4; lastKnownFileType = sourcecode.c.h; path = DTAttributedTextContentView.h; sourceTree = "<group>"; };
		1D6C603716008FED0066CF95 /* DTAttributedTextContentView.m */ = {isa = PBXFileReference; fileEncoding = 4; lastKnownFileType = sourcecode.c.objc; path = DTAttributedTextContentView.m; sourceTree = "<group>"; xcLanguageSpecificationIdentifier = xcode.lang.objc; };
		1D6C603816008FED0066CF95 /* DTAttributedTextView.h */ = {isa = PBXFileReference; fileEncoding = 4; lastKnownFileType = sourcecode.c.h; path = DTAttributedTextView.h; sourceTree = "<group>"; };
		1D6C603916008FED0066CF95 /* DTAttributedTextView.m */ = {isa = PBXFileReference; fileEncoding = 4; lastKnownFileType = sourcecode.c.objc; path = DTAttributedTextView.m; sourceTree = "<group>"; xcLanguageSpecificationIdentifier = xcode.lang.objc; };
		1D6C603A16008FED0066CF95 /* DTColor+HTML.h */ = {isa = PBXFileReference; fileEncoding = 4; lastKnownFileType = sourcecode.c.h; path = "DTColor+HTML.h"; sourceTree = "<group>"; xcLanguageSpecificationIdentifier = xcode.lang.objcpp; };
		1D6C603B16008FED0066CF95 /* DTColor+HTML.m */ = {isa = PBXFileReference; fileEncoding = 4; lastKnownFileType = sourcecode.c.objc; path = "DTColor+HTML.m"; sourceTree = "<group>"; xcLanguageSpecificationIdentifier = xcode.lang.objc; };
		1D6C603C16008FED0066CF95 /* DTCompatibility.h */ = {isa = PBXFileReference; fileEncoding = 4; lastKnownFileType = sourcecode.c.h; path = DTCompatibility.h; sourceTree = "<group>"; };
		1D6C603D16008FED0066CF95 /* DTCoreText.h */ = {isa = PBXFileReference; fileEncoding = 4; lastKnownFileType = sourcecode.c.h; path = DTCoreText.h; sourceTree = "<group>"; xcLanguageSpecificationIdentifier = xcode.lang.objcpp; };
		1D6C603E16008FED0066CF95 /* DTCoreTextConstants.h */ = {isa = PBXFileReference; fileEncoding = 4; lastKnownFileType = sourcecode.c.h; path = DTCoreTextConstants.h; sourceTree = "<group>"; xcLanguageSpecificationIdentifier = xcode.lang.objcpp; };
		1D6C603F16008FED0066CF95 /* DTCoreTextConstants.m */ = {isa = PBXFileReference; fileEncoding = 4; lastKnownFileType = sourcecode.c.objc; path = DTCoreTextConstants.m; sourceTree = "<group>"; xcLanguageSpecificationIdentifier = xcode.lang.objc; };
		1D6C604016008FED0066CF95 /* DTCoreTextFontCollection.h */ = {isa = PBXFileReference; fileEncoding = 4; lastKnownFileType = sourcecode.c.h; path = DTCoreTextFontCollection.h; sourceTree = "<group>"; };
		1D6C604116008FED0066CF95 /* DTCoreTextFontCollection.m */ = {isa = PBXFileReference; fileEncoding = 4; lastKnownFileType = sourcecode.c.objc; path = DTCoreTextFontCollection.m; sourceTree = "<group>"; };
		1D6C604216008FED0066CF95 /* DTCoreTextFontDescriptor.h */ = {isa = PBXFileReference; fileEncoding = 4; lastKnownFileType = sourcecode.c.h; path = DTCoreTextFontDescriptor.h; sourceTree = "<group>"; };
		1D6C604316008FED0066CF95 /* DTCoreTextFontDescriptor.m */ = {isa = PBXFileReference; fileEncoding = 4; lastKnownFileType = sourcecode.c.objc; path = DTCoreTextFontDescriptor.m; sourceTree = "<group>"; };
		1D6C604416008FED0066CF95 /* DTCoreTextGlyphRun.h */ = {isa = PBXFileReference; fileEncoding = 4; lastKnownFileType = sourcecode.c.h; path = DTCoreTextGlyphRun.h; sourceTree = "<group>"; };
		1D6C604516008FED0066CF95 /* DTCoreTextGlyphRun.m */ = {isa = PBXFileReference; fileEncoding = 4; lastKnownFileType = sourcecode.c.objc; path = DTCoreTextGlyphRun.m; sourceTree = "<group>"; };
		1D6C604616008FED0066CF95 /* DTCoreTextLayouter.h */ = {isa = PBXFileReference; fileEncoding = 4; lastKnownFileType = sourcecode.c.h; path = DTCoreTextLayouter.h; sourceTree = "<group>"; };
		1D6C604716008FED0066CF95 /* DTCoreTextLayouter.m */ = {isa = PBXFileReference; fileEncoding = 4; lastKnownFileType = sourcecode.c.objc; path = DTCoreTextLayouter.m; sourceTree = "<group>"; };
		1D6C604816008FED0066CF95 /* DTCoreTextLayoutFrame.h */ = {isa = PBXFileReference; fileEncoding = 4; lastKnownFileType = sourcecode.c.h; path = DTCoreTextLayoutFrame.h; sourceTree = "<group>"; };
		1D6C604916008FED0066CF95 /* DTCoreTextLayoutFrame.m */ = {isa = PBXFileReference; fileEncoding = 4; lastKnownFileType = sourcecode.c.objc; path = DTCoreTextLayoutFrame.m; sourceTree = "<group>"; xcLanguageSpecificationIdentifier = xcode.lang.objc; };
		1D6C604A16008FED0066CF95 /* DTCoreTextLayoutLine.h */ = {isa = PBXFileReference; fileEncoding = 4; lastKnownFileType = sourcecode.c.h; path = DTCoreTextLayoutLine.h; sourceTree = "<group>"; };
		1D6C604B16008FED0066CF95 /* DTCoreTextLayoutLine.m */ = {isa = PBXFileReference; fileEncoding = 4; lastKnownFileType = sourcecode.c.objc; path = DTCoreTextLayoutLine.m; sourceTree = "<group>"; };
		1D6C604C16008FED0066CF95 /* DTCoreTextParagraphStyle.h */ = {isa = PBXFileReference; fileEncoding = 4; lastKnownFileType = sourcecode.c.h; path = DTCoreTextParagraphStyle.h; sourceTree = "<group>"; };
		1D6C604D16008FED0066CF95 /* DTCoreTextParagraphStyle.m */ = {isa = PBXFileReference; fileEncoding = 4; lastKnownFileType = sourcecode.c.objc; path = DTCoreTextParagraphStyle.m; sourceTree = "<group>"; };
		1D6C604E16008FED0066CF95 /* DTCSSListStyle.h */ = {isa = PBXFileReference; fileEncoding = 4; lastKnownFileType = sourcecode.c.h; path = DTCSSListStyle.h; sourceTree = "<group>"; };
		1D6C604F16008FED0066CF95 /* DTCSSListStyle.m */ = {isa = PBXFileReference; fileEncoding = 4; lastKnownFileType = sourcecode.c.objc; path = DTCSSListStyle.m; sourceTree = "<group>"; };
		1D6C605016008FED0066CF95 /* DTCSSStylesheet.h */ = {isa = PBXFileReference; fileEncoding = 4; lastKnownFileType = sourcecode.c.h; path = DTCSSStylesheet.h; sourceTree = "<group>"; };
		1D6C605116008FED0066CF95 /* DTCSSStylesheet.m */ = {isa = PBXFileReference; fileEncoding = 4; lastKnownFileType = sourcecode.c.objc; path = DTCSSStylesheet.m; sourceTree = "<group>"; };
		1D6C605216008FED0066CF95 /* DTHTMLAttributedStringBuilder.h */ = {isa = PBXFileReference; fileEncoding = 4; lastKnownFileType = sourcecode.c.h; path = DTHTMLAttributedStringBuilder.h; sourceTree = "<group>"; };
		1D6C605316008FED0066CF95 /* DTHTMLAttributedStringBuilder.m */ = {isa = PBXFileReference; fileEncoding = 4; lastKnownFileType = sourcecode.c.objc; path = DTHTMLAttributedStringBuilder.m; sourceTree = "<group>"; xcLanguageSpecificationIdentifier = xcode.lang.objc; };
		1D6C605416008FED0066CF95 /* DTHTMLElement.h */ = {isa = PBXFileReference; fileEncoding = 4; lastKnownFileType = sourcecode.c.h; path = DTHTMLElement.h; sourceTree = "<group>"; xcLanguageSpecificationIdentifier = xcode.lang.objcpp; };
		1D6C605516008FED0066CF95 /* DTHTMLElement.m */ = {isa = PBXFileReference; fileEncoding = 4; lastKnownFileType = sourcecode.c.objc; path = DTHTMLElement.m; sourceTree = "<group>"; xcLanguageSpecificationIdentifier = xcode.lang.objc; };
		1D6C605616008FED0066CF95 /* DTHTMLParser.h */ = {isa = PBXFileReference; fileEncoding = 4; lastKnownFileType = sourcecode.c.h; path = DTHTMLParser.h; sourceTree = "<group>"; };
		1D6C605716008FED0066CF95 /* DTHTMLParser.m */ = {isa = PBXFileReference; fileEncoding = 4; lastKnownFileType = sourcecode.c.objc; path = DTHTMLParser.m; sourceTree = "<group>"; };
		1D6C605816008FED0066CF95 /* DTImage+HTML.h */ = {isa = PBXFileReference; fileEncoding = 4; lastKnownFileType = sourcecode.c.h; path = "DTImage+HTML.h"; sourceTree = "<group>"; xcLanguageSpecificationIdentifier = xcode.lang.objcpp; };
		1D6C605916008FED0066CF95 /* DTImage+HTML.m */ = {isa = PBXFileReference; fileEncoding = 4; lastKnownFileType = sourcecode.c.objc; path = "DTImage+HTML.m"; sourceTree = "<group>"; };
		1D6C605A16008FED0066CF95 /* DTLazyImageView.h */ = {isa = PBXFileReference; fileEncoding = 4; lastKnownFileType = sourcecode.c.h; path = DTLazyImageView.h; sourceTree = "<group>"; xcLanguageSpecificationIdentifier = xcode.lang.objcpp; };
		1D6C605B16008FED0066CF95 /* DTLazyImageView.m */ = {isa = PBXFileReference; fileEncoding = 4; lastKnownFileType = sourcecode.c.objc; path = DTLazyImageView.m; sourceTree = "<group>"; xcLanguageSpecificationIdentifier = xcode.lang.objc; };
		1D6C605C16008FED0066CF95 /* DTLinkButton.h */ = {isa = PBXFileReference; fileEncoding = 4; lastKnownFileType = sourcecode.c.h; path = DTLinkButton.h; sourceTree = "<group>"; };
		1D6C605D16008FED0066CF95 /* DTLinkButton.m */ = {isa = PBXFileReference; fileEncoding = 4; lastKnownFileType = sourcecode.c.objc; path = DTLinkButton.m; sourceTree = "<group>"; };
		1D6C605E16008FED0066CF95 /* DTTextAttachment.h */ = {isa = PBXFileReference; fileEncoding = 4; lastKnownFileType = sourcecode.c.h; path = DTTextAttachment.h; sourceTree = "<group>"; };
		1D6C605F16008FED0066CF95 /* DTTextAttachment.m */ = {isa = PBXFileReference; fileEncoding = 4; lastKnownFileType = sourcecode.c.objc; path = DTTextAttachment.m; sourceTree = "<group>"; };
		1D6C606016008FED0066CF95 /* DTTextBlock.h */ = {isa = PBXFileReference; fileEncoding = 4; lastKnownFileType = sourcecode.c.h; path = DTTextBlock.h; sourceTree = "<group>"; };
		1D6C606116008FED0066CF95 /* DTTextBlock.m */ = {isa = PBXFileReference; fileEncoding = 4; lastKnownFileType = sourcecode.c.objc; path = DTTextBlock.m; sourceTree = "<group>"; };
		1D6C606216008FED0066CF95 /* DTWebVideoView.h */ = {isa = PBXFileReference; fileEncoding = 4; lastKnownFileType = sourcecode.c.h; path = DTWebVideoView.h; sourceTree = "<group>"; };
		1D6C606316008FED0066CF95 /* DTWebVideoView.m */ = {isa = PBXFileReference; fileEncoding = 4; lastKnownFileType = sourcecode.c.objc; path = DTWebVideoView.m; sourceTree = "<group>"; };
		1D6C606416008FED0066CF95 /* NSAttributedString+DTCoreText.h */ = {isa = PBXFileReference; fileEncoding = 4; lastKnownFileType = sourcecode.c.h; path = "NSAttributedString+DTCoreText.h"; sourceTree = "<group>"; };
		1D6C606516008FED0066CF95 /* NSAttributedString+DTCoreText.m */ = {isa = PBXFileReference; fileEncoding = 4; lastKnownFileType = sourcecode.c.objc; path = "NSAttributedString+DTCoreText.m"; sourceTree = "<group>"; };
		1D6C606616008FED0066CF95 /* NSAttributedString+HTML.h */ = {isa = PBXFileReference; fileEncoding = 4; lastKnownFileType = sourcecode.c.h; path = "NSAttributedString+HTML.h"; sourceTree = "<group>"; };
		1D6C606716008FED0066CF95 /* NSAttributedString+HTML.m */ = {isa = PBXFileReference; fileEncoding = 4; lastKnownFileType = sourcecode.c.objc; path = "NSAttributedString+HTML.m"; sourceTree = "<group>"; };
		1D6C606816008FED0066CF95 /* NSAttributedString+SmallCaps.h */ = {isa = PBXFileReference; fileEncoding = 4; lastKnownFileType = sourcecode.c.h; path = "NSAttributedString+SmallCaps.h"; sourceTree = "<group>"; };
		1D6C606916008FED0066CF95 /* NSAttributedString+SmallCaps.m */ = {isa = PBXFileReference; fileEncoding = 4; lastKnownFileType = sourcecode.c.objc; path = "NSAttributedString+SmallCaps.m"; sourceTree = "<group>"; };
		1D6C606A16008FED0066CF95 /* NSAttributedStringRunDelegates.h */ = {isa = PBXFileReference; fileEncoding = 4; lastKnownFileType = sourcecode.c.h; path = NSAttributedStringRunDelegates.h; sourceTree = "<group>"; };
		1D6C606B16008FED0066CF95 /* NSAttributedStringRunDelegates.m */ = {isa = PBXFileReference; fileEncoding = 4; lastKnownFileType = sourcecode.c.objc; path = NSAttributedStringRunDelegates.m; sourceTree = "<group>"; };
		1D6C606C16008FED0066CF95 /* NSCharacterSet+HTML.h */ = {isa = PBXFileReference; fileEncoding = 4; lastKnownFileType = sourcecode.c.h; path = "NSCharacterSet+HTML.h"; sourceTree = "<group>"; };
		1D6C606D16008FED0066CF95 /* NSCharacterSet+HTML.m */ = {isa = PBXFileReference; fileEncoding = 4; lastKnownFileType = sourcecode.c.objc; path = "NSCharacterSet+HTML.m"; sourceTree = "<group>"; };
		1D6C606E16008FED0066CF95 /* NSData+DTBase64.h */ = {isa = PBXFileReference; fileEncoding = 4; lastKnownFileType = sourcecode.c.h; path = "NSData+DTBase64.h"; sourceTree = "<group>"; };
		1D6C606F16008FED0066CF95 /* NSData+DTBase64.m */ = {isa = PBXFileReference; fileEncoding = 4; lastKnownFileType = sourcecode.c.objc; path = "NSData+DTBase64.m"; sourceTree = "<group>"; };
		1D6C607016008FED0066CF95 /* NSMutableAttributedString+HTML.h */ = {isa = PBXFileReference; fileEncoding = 4; lastKnownFileType = sourcecode.c.h; path = "NSMutableAttributedString+HTML.h"; sourceTree = "<group>"; };
		1D6C607116008FED0066CF95 /* NSMutableAttributedString+HTML.m */ = {isa = PBXFileReference; fileEncoding = 4; lastKnownFileType = sourcecode.c.objc; path = "NSMutableAttributedString+HTML.m"; sourceTree = "<group>"; };
		1D6C607216008FED0066CF95 /* NSMutableString+HTML.h */ = {isa = PBXFileReference; fileEncoding = 4; lastKnownFileType = sourcecode.c.h; path = "NSMutableString+HTML.h"; sourceTree = "<group>"; };
		1D6C607316008FED0066CF95 /* NSMutableString+HTML.m */ = {isa = PBXFileReference; fileEncoding = 4; lastKnownFileType = sourcecode.c.objc; path = "NSMutableString+HTML.m"; sourceTree = "<group>"; };
		1D6C607416008FED0066CF95 /* NSScanner+HTML.h */ = {isa = PBXFileReference; fileEncoding = 4; lastKnownFileType = sourcecode.c.h; path = "NSScanner+HTML.h"; sourceTree = "<group>"; };
		1D6C607516008FED0066CF95 /* NSScanner+HTML.m */ = {isa = PBXFileReference; fileEncoding = 4; lastKnownFileType = sourcecode.c.objc; path = "NSScanner+HTML.m"; sourceTree = "<group>"; };
		1D6C607616008FED0066CF95 /* NSString+CSS.h */ = {isa = PBXFileReference; fileEncoding = 4; lastKnownFileType = sourcecode.c.h; path = "NSString+CSS.h"; sourceTree = "<group>"; };
		1D6C607716008FED0066CF95 /* NSString+CSS.m */ = {isa = PBXFileReference; fileEncoding = 4; lastKnownFileType = sourcecode.c.objc; path = "NSString+CSS.m"; sourceTree = "<group>"; };
		1D6C607816008FED0066CF95 /* NSString+HTML.h */ = {isa = PBXFileReference; fileEncoding = 4; lastKnownFileType = sourcecode.c.h; path = "NSString+HTML.h"; sourceTree = "<group>"; };
		1D6C607916008FED0066CF95 /* NSString+HTML.m */ = {isa = PBXFileReference; fileEncoding = 4; lastKnownFileType = sourcecode.c.objc; path = "NSString+HTML.m"; sourceTree = "<group>"; };
		1D6C607A16008FED0066CF95 /* NSString+Paragraphs.h */ = {isa = PBXFileReference; fileEncoding = 4; lastKnownFileType = sourcecode.c.h; path = "NSString+Paragraphs.h"; sourceTree = "<group>"; };
		1D6C607B16008FED0066CF95 /* NSString+Paragraphs.m */ = {isa = PBXFileReference; fileEncoding = 4; lastKnownFileType = sourcecode.c.objc; path = "NSString+Paragraphs.m"; sourceTree = "<group>"; };
		1D6C607C16008FED0066CF95 /* NSString+UTF8Cleaner.h */ = {isa = PBXFileReference; fileEncoding = 4; lastKnownFileType = sourcecode.c.h; path = "NSString+UTF8Cleaner.h"; sourceTree = "<group>"; };
		1D6C607D16008FED0066CF95 /* NSString+UTF8Cleaner.m */ = {isa = PBXFileReference; fileEncoding = 4; lastKnownFileType = sourcecode.c.objc; path = "NSString+UTF8Cleaner.m"; sourceTree = "<group>"; };
		1D6C607E16008FED0066CF95 /* UIDevice+DTVersion.h */ = {isa = PBXFileReference; fileEncoding = 4; lastKnownFileType = sourcecode.c.h; path = "UIDevice+DTVersion.h"; sourceTree = "<group>"; };
		1D6C607F16008FED0066CF95 /* UIDevice+DTVersion.m */ = {isa = PBXFileReference; fileEncoding = 4; lastKnownFileType = sourcecode.c.objc; path = "UIDevice+DTVersion.m"; sourceTree = "<group>"; };
		24DD6CF71134B3F500162E58 /* ComObscureRichTextModule.h */ = {isa = PBXFileReference; fileEncoding = 4; lastKnownFileType = sourcecode.c.h; name = ComObscureRichTextModule.h; path = Classes/ComObscureRichTextModule.h; sourceTree = "<group>"; };
		24DD6CF81134B3F500162E58 /* ComObscureRichTextModule.m */ = {isa = PBXFileReference; fileEncoding = 4; lastKnownFileType = sourcecode.c.objc; name = ComObscureRichTextModule.m; path = Classes/ComObscureRichTextModule.m; sourceTree = "<group>"; };
		24DD6D1B1134B66800162E58 /* titanium.xcconfig */ = {isa = PBXFileReference; fileEncoding = 4; lastKnownFileType = text.xcconfig; path = titanium.xcconfig; sourceTree = "<group>"; };
		AA747D9E0F9514B9006C5449 /* ComObscureRichText_Prefix.pch */ = {isa = PBXFileReference; fileEncoding = 4; lastKnownFileType = sourcecode.c.h; path = ComObscureRichText_Prefix.pch; sourceTree = SOURCE_ROOT; };
		AACBBE490F95108600F1A2B1 /* Foundation.framework */ = {isa = PBXFileReference; lastKnownFileType = wrapper.framework; name = Foundation.framework; path = System/Library/Frameworks/Foundation.framework; sourceTree = SDKROOT; };
		D2AAC07E0554694100DB518D /* libComObscureRichText.a */ = {isa = PBXFileReference; explicitFileType = archive.ar; includeInIndex = 0; path = libComObscureRichText.a; sourceTree = BUILT_PRODUCTS_DIR; };
		DA2CF778154EFBE30023A07E /* DTCoreText.xcodeproj */ = {isa = PBXFileReference; lastKnownFileType = "wrapper.pb-project"; name = DTCoreText.xcodeproj; path = vendor/DTCoreText/DTCoreText.xcodeproj; sourceTree = "<group>"; };
		DA2CF7A1154EFC300023A07E /* app.js */ = {isa = PBXFileReference; fileEncoding = 4; lastKnownFileType = sourcecode.javascript; name = app.js; path = example/app.js; sourceTree = "<group>"; };
		DA67AA33154EF43E009BDBD7 /* ComObscureRichTextRichTextViewProxy.h */ = {isa = PBXFileReference; fileEncoding = 4; lastKnownFileType = sourcecode.c.h; name = ComObscureRichTextRichTextViewProxy.h; path = Classes/ComObscureRichTextRichTextViewProxy.h; sourceTree = "<group>"; };
		DA67AA34154EF43E009BDBD7 /* ComObscureRichTextRichTextViewProxy.m */ = {isa = PBXFileReference; fileEncoding = 4; lastKnownFileType = sourcecode.c.objc; name = ComObscureRichTextRichTextViewProxy.m; path = Classes/ComObscureRichTextRichTextViewProxy.m; sourceTree = "<group>"; };
		DA67AA37154EF456009BDBD7 /* ComObscureRichTextRichTextView.h */ = {isa = PBXFileReference; fileEncoding = 4; lastKnownFileType = sourcecode.c.h; name = ComObscureRichTextRichTextView.h; path = Classes/ComObscureRichTextRichTextView.h; sourceTree = "<group>"; };
		DA67AA38154EF456009BDBD7 /* ComObscureRichTextRichTextView.m */ = {isa = PBXFileReference; fileEncoding = 4; lastKnownFileType = sourcecode.c.objc; name = ComObscureRichTextRichTextView.m; path = Classes/ComObscureRichTextRichTextView.m; sourceTree = "<group>"; };
		DA67AA3B154EF555009BDBD7 /* ImageIO.framework */ = {isa = PBXFileReference; lastKnownFileType = wrapper.framework; name = ImageIO.framework; path = System/Library/Frameworks/ImageIO.framework; sourceTree = SDKROOT; };
		DA67AA3D154EF55C009BDBD7 /* QuartzCore.framework */ = {isa = PBXFileReference; lastKnownFileType = wrapper.framework; name = QuartzCore.framework; path = System/Library/Frameworks/QuartzCore.framework; sourceTree = SDKROOT; };
		DA67AA3F154EF561009BDBD7 /* libxml2.dylib */ = {isa = PBXFileReference; lastKnownFileType = "compiled.mach-o.dylib"; name = libxml2.dylib; path = usr/lib/libxml2.dylib; sourceTree = SDKROOT; };
		DA67AA41154EF567009BDBD7 /* CoreText.framework */ = {isa = PBXFileReference; lastKnownFileType = wrapper.framework; name = CoreText.framework; path = System/Library/Frameworks/CoreText.framework; sourceTree = SDKROOT; };
/* End PBXFileReference section */

/* Begin PBXFrameworksBuildPhase section */
		D2AAC07C0554694100DB518D /* Frameworks */ = {
			isa = PBXFrameworksBuildPhase;
			buildActionMask = 2147483647;
			files = (
				1D67A52C162C7ABB0054323D /* Foundation.framework in Frameworks */,
				DA2CF7A0154EFC0D0023A07E /* libDTCoreText.a in Frameworks */,
				DA67AA42154EF567009BDBD7 /* CoreText.framework in Frameworks */,
				DA67AA40154EF561009BDBD7 /* libxml2.dylib in Frameworks */,
				DA67AA3E154EF55C009BDBD7 /* QuartzCore.framework in Frameworks */,
				DA67AA3C154EF555009BDBD7 /* ImageIO.framework in Frameworks */,
			);
			runOnlyForDeploymentPostprocessing = 0;
		};
/* End PBXFrameworksBuildPhase section */

/* Begin PBXGroup section */
		034768DFFF38A50411DB9C8B /* Products */ = {
			isa = PBXGroup;
			children = (
				D2AAC07E0554694100DB518D /* libComObscureRichText.a */,
			);
			name = Products;
			sourceTree = "<group>";
		};
		0867D691FE84028FC02AAC07 /* richtext */ = {
			isa = PBXGroup;
			children = (
				1D6C602F16008FED0066CF95 /* Headers */,
				08FB77AEFE84172EC02AAC07 /* Classes */,
				32C88DFF0371C24200C91783 /* Other Sources */,
				0867D69AFE84028FC02AAC07 /* Frameworks */,
				034768DFFF38A50411DB9C8B /* Products */,
				DA2CF778154EFBE30023A07E /* DTCoreText.xcodeproj */,
			);
			name = richtext;
			sourceTree = "<group>";
		};
		0867D69AFE84028FC02AAC07 /* Frameworks */ = {
			isa = PBXGroup;
			children = (
				DA67AA41154EF567009BDBD7 /* CoreText.framework */,
				DA67AA3F154EF561009BDBD7 /* libxml2.dylib */,
				DA67AA3D154EF55C009BDBD7 /* QuartzCore.framework */,
				DA67AA3B154EF555009BDBD7 /* ImageIO.framework */,
				AACBBE490F95108600F1A2B1 /* Foundation.framework */,
			);
			name = Frameworks;
			sourceTree = "<group>";
		};
		08FB77AEFE84172EC02AAC07 /* Classes */ = {
			isa = PBXGroup;
			children = (
				24DD6CF71134B3F500162E58 /* ComObscureRichTextModule.h */,
				24DD6CF81134B3F500162E58 /* ComObscureRichTextModule.m */,
				DA67AA33154EF43E009BDBD7 /* ComObscureRichTextRichTextViewProxy.h */,
				DA67AA34154EF43E009BDBD7 /* ComObscureRichTextRichTextViewProxy.m */,
				DA67AA37154EF456009BDBD7 /* ComObscureRichTextRichTextView.h */,
				DA67AA38154EF456009BDBD7 /* ComObscureRichTextRichTextView.m */,
			);
			name = Classes;
			sourceTree = "<group>";
		};
		1D6C602F16008FED0066CF95 /* Headers */ = {
			isa = PBXGroup;
			children = (
				1D6C603016008FED0066CF95 /* CGUtils.h */,
				1D6C603116008FED0066CF95 /* CGUtils.m */,
				1D6C603216008FED0066CF95 /* default.css */,
				1D6C603316008FED0066CF95 /* default.css.c */,
				1D6C603416008FED0066CF95 /* DTAttributedTextCell.h */,
				1D6C603516008FED0066CF95 /* DTAttributedTextCell.m */,
				1D6C603616008FED0066CF95 /* DTAttributedTextContentView.h */,
				1D6C603716008FED0066CF95 /* DTAttributedTextContentView.m */,
				1D6C603816008FED0066CF95 /* DTAttributedTextView.h */,
				1D6C603916008FED0066CF95 /* DTAttributedTextView.m */,
				1D6C603A16008FED0066CF95 /* DTColor+HTML.h */,
				1D6C603B16008FED0066CF95 /* DTColor+HTML.m */,
				1D6C603C16008FED0066CF95 /* DTCompatibility.h */,
				1D6C603D16008FED0066CF95 /* DTCoreText.h */,
				1D6C603E16008FED0066CF95 /* DTCoreTextConstants.h */,
				1D6C603F16008FED0066CF95 /* DTCoreTextConstants.m */,
				1D6C604016008FED0066CF95 /* DTCoreTextFontCollection.h */,
				1D6C604116008FED0066CF95 /* DTCoreTextFontCollection.m */,
				1D6C604216008FED0066CF95 /* DTCoreTextFontDescriptor.h */,
				1D6C604316008FED0066CF95 /* DTCoreTextFontDescriptor.m */,
				1D6C604416008FED0066CF95 /* DTCoreTextGlyphRun.h */,
				1D6C604516008FED0066CF95 /* DTCoreTextGlyphRun.m */,
				1D6C604616008FED0066CF95 /* DTCoreTextLayouter.h */,
				1D6C604716008FED0066CF95 /* DTCoreTextLayouter.m */,
				1D6C604816008FED0066CF95 /* DTCoreTextLayoutFrame.h */,
				1D6C604916008FED0066CF95 /* DTCoreTextLayoutFrame.m */,
				1D6C604A16008FED0066CF95 /* DTCoreTextLayoutLine.h */,
				1D6C604B16008FED0066CF95 /* DTCoreTextLayoutLine.m */,
				1D6C604C16008FED0066CF95 /* DTCoreTextParagraphStyle.h */,
				1D6C604D16008FED0066CF95 /* DTCoreTextParagraphStyle.m */,
				1D6C604E16008FED0066CF95 /* DTCSSListStyle.h */,
				1D6C604F16008FED0066CF95 /* DTCSSListStyle.m */,
				1D6C605016008FED0066CF95 /* DTCSSStylesheet.h */,
				1D6C605116008FED0066CF95 /* DTCSSStylesheet.m */,
				1D6C605216008FED0066CF95 /* DTHTMLAttributedStringBuilder.h */,
				1D6C605316008FED0066CF95 /* DTHTMLAttributedStringBuilder.m */,
				1D6C605416008FED0066CF95 /* DTHTMLElement.h */,
				1D6C605516008FED0066CF95 /* DTHTMLElement.m */,
				1D6C605616008FED0066CF95 /* DTHTMLParser.h */,
				1D6C605716008FED0066CF95 /* DTHTMLParser.m */,
				1D6C605816008FED0066CF95 /* DTImage+HTML.h */,
				1D6C605916008FED0066CF95 /* DTImage+HTML.m */,
				1D6C605A16008FED0066CF95 /* DTLazyImageView.h */,
				1D6C605B16008FED0066CF95 /* DTLazyImageView.m */,
				1D6C605C16008FED0066CF95 /* DTLinkButton.h */,
				1D6C605D16008FED0066CF95 /* DTLinkButton.m */,
				1D6C605E16008FED0066CF95 /* DTTextAttachment.h */,
				1D6C605F16008FED0066CF95 /* DTTextAttachment.m */,
				1D6C606016008FED0066CF95 /* DTTextBlock.h */,
				1D6C606116008FED0066CF95 /* DTTextBlock.m */,
				1D6C606216008FED0066CF95 /* DTWebVideoView.h */,
				1D6C606316008FED0066CF95 /* DTWebVideoView.m */,
				1D6C606416008FED0066CF95 /* NSAttributedString+DTCoreText.h */,
				1D6C606516008FED0066CF95 /* NSAttributedString+DTCoreText.m */,
				1D6C606616008FED0066CF95 /* NSAttributedString+HTML.h */,
				1D6C606716008FED0066CF95 /* NSAttributedString+HTML.m */,
				1D6C606816008FED0066CF95 /* NSAttributedString+SmallCaps.h */,
				1D6C606916008FED0066CF95 /* NSAttributedString+SmallCaps.m */,
				1D6C606A16008FED0066CF95 /* NSAttributedStringRunDelegates.h */,
				1D6C606B16008FED0066CF95 /* NSAttributedStringRunDelegates.m */,
				1D6C606C16008FED0066CF95 /* NSCharacterSet+HTML.h */,
				1D6C606D16008FED0066CF95 /* NSCharacterSet+HTML.m */,
				1D6C606E16008FED0066CF95 /* NSData+DTBase64.h */,
				1D6C606F16008FED0066CF95 /* NSData+DTBase64.m */,
				1D6C607016008FED0066CF95 /* NSMutableAttributedString+HTML.h */,
				1D6C607116008FED0066CF95 /* NSMutableAttributedString+HTML.m */,
				1D6C607216008FED0066CF95 /* NSMutableString+HTML.h */,
				1D6C607316008FED0066CF95 /* NSMutableString+HTML.m */,
				1D6C607416008FED0066CF95 /* NSScanner+HTML.h */,
				1D6C607516008FED0066CF95 /* NSScanner+HTML.m */,
				1D6C607616008FED0066CF95 /* NSString+CSS.h */,
				1D6C607716008FED0066CF95 /* NSString+CSS.m */,
				1D6C607816008FED0066CF95 /* NSString+HTML.h */,
				1D6C607916008FED0066CF95 /* NSString+HTML.m */,
				1D6C607A16008FED0066CF95 /* NSString+Paragraphs.h */,
				1D6C607B16008FED0066CF95 /* NSString+Paragraphs.m */,
				1D6C607C16008FED0066CF95 /* NSString+UTF8Cleaner.h */,
				1D6C607D16008FED0066CF95 /* NSString+UTF8Cleaner.m */,
				1D6C607E16008FED0066CF95 /* UIDevice+DTVersion.h */,
				1D6C607F16008FED0066CF95 /* UIDevice+DTVersion.m */,
			);
			name = Headers;
			path = vendor/DTCoreText/Core/Source;
			sourceTree = "<group>";
		};
		32C88DFF0371C24200C91783 /* Other Sources */ = {
			isa = PBXGroup;
			children = (
				DA2CF7A1154EFC300023A07E /* app.js */,
				AA747D9E0F9514B9006C5449 /* ComObscureRichText_Prefix.pch */,
				24DD6D1B1134B66800162E58 /* titanium.xcconfig */,
			);
			name = "Other Sources";
			sourceTree = "<group>";
		};
		DA2CF779154EFBE30023A07E /* Products */ = {
			isa = PBXGroup;
			children = (
				DA2CF786154EFBE30023A07E /* DemoApp.app */,
				DA2CF788154EFBE30023A07E /* DTCoreText.framework */,
				DA2CF78A154EFBE30023A07E /* libDTCoreText.a */,
				DA2CF78C154EFBE30023A07E /* UnitTest.octest */,
				DA2CF78E154EFBE30023A07E /* MacUnitTest.octest */,
			);
			name = Products;
			sourceTree = "<group>";
		};
/* End PBXGroup section */

/* Begin PBXHeadersBuildPhase section */
		D2AAC07A0554694100DB518D /* Headers */ = {
			isa = PBXHeadersBuildPhase;
			buildActionMask = 2147483647;
			files = (
				AA747D9F0F9514B9006C5449 /* ComObscureRichText_Prefix.pch in Headers */,
				24DD6CF91134B3F500162E58 /* ComObscureRichTextModule.h in Headers */,
				DA67AA35154EF43E009BDBD7 /* ComObscureRichTextRichTextViewProxy.h in Headers */,
				DA67AA39154EF456009BDBD7 /* ComObscureRichTextRichTextView.h in Headers */,
			);
			runOnlyForDeploymentPostprocessing = 0;
		};
/* End PBXHeadersBuildPhase section */

/* Begin PBXNativeTarget section */
		D2AAC07D0554694100DB518D /* richtext */ = {
			isa = PBXNativeTarget;
			buildConfigurationList = 1DEB921E08733DC00010E9CD /* Build configuration list for PBXNativeTarget "richtext" */;
			buildPhases = (
				D2AAC07A0554694100DB518D /* Headers */,
				D2AAC07B0554694100DB518D /* Sources */,
				D2AAC07C0554694100DB518D /* Frameworks */,
			);
			buildRules = (
			);
			dependencies = (
				1D67A52B162C79640054323D /* PBXTargetDependency */,
			);
			name = richtext;
			productName = richtext;
			productReference = D2AAC07E0554694100DB518D /* libComObscureRichText.a */;
			productType = "com.apple.product-type.library.static";
		};
/* End PBXNativeTarget section */

/* Begin PBXProject section */
		0867D690FE84028FC02AAC07 /* Project object */ = {
			isa = PBXProject;
			attributes = {
				LastUpgradeCheck = 0440;
			};
			buildConfigurationList = 1DEB922208733DC00010E9CD /* Build configuration list for PBXProject "richtext" */;
			compatibilityVersion = "Xcode 3.2";
			developmentRegion = English;
			hasScannedForEncodings = 1;
			knownRegions = (
				English,
				Japanese,
				French,
				German,
			);
			mainGroup = 0867D691FE84028FC02AAC07 /* richtext */;
			productRefGroup = 034768DFFF38A50411DB9C8B /* Products */;
			projectDirPath = "";
			projectReferences = (
				{
					ProductGroup = DA2CF779154EFBE30023A07E /* Products */;
					ProjectRef = DA2CF778154EFBE30023A07E /* DTCoreText.xcodeproj */;
				},
			);
			projectRoot = "";
			targets = (
				D2AAC07D0554694100DB518D /* richtext */,
				24416B8111C4CA220047AFDD /* Build & Test */,
			);
		};
/* End PBXProject section */

/* Begin PBXReferenceProxy section */
		DA2CF786154EFBE30023A07E /* DemoApp.app */ = {
			isa = PBXReferenceProxy;
			fileType = wrapper.application;
			path = DemoApp.app;
			remoteRef = DA2CF785154EFBE30023A07E /* PBXContainerItemProxy */;
			sourceTree = BUILT_PRODUCTS_DIR;
		};
		DA2CF788154EFBE30023A07E /* DTCoreText.framework */ = {
			isa = PBXReferenceProxy;
			fileType = wrapper.cfbundle;
			path = DTCoreText.framework;
			remoteRef = DA2CF787154EFBE30023A07E /* PBXContainerItemProxy */;
			sourceTree = BUILT_PRODUCTS_DIR;
		};
		DA2CF78A154EFBE30023A07E /* libDTCoreText.a */ = {
			isa = PBXReferenceProxy;
			fileType = archive.ar;
			path = libDTCoreText.a;
			remoteRef = DA2CF789154EFBE30023A07E /* PBXContainerItemProxy */;
			sourceTree = BUILT_PRODUCTS_DIR;
		};
		DA2CF78C154EFBE30023A07E /* UnitTest.octest */ = {
			isa = PBXReferenceProxy;
			fileType = wrapper.cfbundle;
			path = UnitTest.octest;
			remoteRef = DA2CF78B154EFBE30023A07E /* PBXContainerItemProxy */;
			sourceTree = BUILT_PRODUCTS_DIR;
		};
		DA2CF78E154EFBE30023A07E /* MacUnitTest.octest */ = {
			isa = PBXReferenceProxy;
			fileType = wrapper.cfbundle;
			path = MacUnitTest.octest;
			remoteRef = DA2CF78D154EFBE30023A07E /* PBXContainerItemProxy */;
			sourceTree = BUILT_PRODUCTS_DIR;
		};
/* End PBXReferenceProxy section */

/* Begin PBXShellScriptBuildPhase section */
		24416B8011C4CA220047AFDD /* ShellScript */ = {
			isa = PBXShellScriptBuildPhase;
			buildActionMask = 2147483647;
			files = (
			);
			inputPaths = (
			);
			outputPaths = (
			);
			runOnlyForDeploymentPostprocessing = 0;
			shellPath = /bin/sh;
			shellScript = "# shell script goes here\n\npython \"${TITANIUM_SDK}/titanium.py\" run --dir=\"${PROJECT_DIR}\"\nexit $?\n";
		};
/* End PBXShellScriptBuildPhase section */

/* Begin PBXSourcesBuildPhase section */
		D2AAC07B0554694100DB518D /* Sources */ = {
			isa = PBXSourcesBuildPhase;
			buildActionMask = 2147483647;
			files = (
				24DD6CFA1134B3F500162E58 /* ComObscureRichTextModule.m in Sources */,
				DA67AA36154EF43E009BDBD7 /* ComObscureRichTextRichTextViewProxy.m in Sources */,
				DA67AA3A154EF456009BDBD7 /* ComObscureRichTextRichTextView.m in Sources */,
			);
			runOnlyForDeploymentPostprocessing = 0;
		};
/* End PBXSourcesBuildPhase section */

/* Begin PBXTargetDependency section */
		1D67A52B162C79640054323D /* PBXTargetDependency */ = {
			isa = PBXTargetDependency;
			name = "Static Library";
			targetProxy = 1D67A52A162C79640054323D /* PBXContainerItemProxy */;
		};
		24416B8511C4CA280047AFDD /* PBXTargetDependency */ = {
			isa = PBXTargetDependency;
			target = D2AAC07D0554694100DB518D /* richtext */;
			targetProxy = 24416B8411C4CA280047AFDD /* PBXContainerItemProxy */;
		};
/* End PBXTargetDependency section */

/* Begin XCBuildConfiguration section */
		1DEB921F08733DC00010E9CD /* Debug */ = {
			isa = XCBuildConfiguration;
			baseConfigurationReference = 24DD6D1B1134B66800162E58 /* titanium.xcconfig */;
			buildSettings = {
				ALWAYS_SEARCH_USER_PATHS = YES;
				ARCHS = (
					armv6,
					armv7,
				);
				"ARCHS[sdk=iphoneos*]" = (
					armv6,
					armv7,
				);
				"ARCHS[sdk=iphonesimulator*]" = i386;
				CODE_SIGN_IDENTITY = "iPhone Developer";
				"CODE_SIGN_IDENTITY[sdk=iphoneos*]" = "iPhone Developer";
				DSTROOT = /tmp/ComObscureRichText.dst;
				GCC_C_LANGUAGE_STANDARD = c99;
				GCC_OPTIMIZATION_LEVEL = 0;
				GCC_PRECOMPILE_PREFIX_HEADER = YES;
				GCC_PREFIX_HEADER = ComObscureRichText_Prefix.pch;
				GCC_PREPROCESSOR_DEFINITIONS = "TI_VERSION=$(TI_VERSION)";
				GCC_THUMB_SUPPORT = NO;
				GCC_TREAT_WARNINGS_AS_ERRORS = NO;
				GCC_VERSION = "";
				GCC_WARN_ABOUT_RETURN_TYPE = NO;
				GCC_WARN_MISSING_PARENTHESES = NO;
				GCC_WARN_SHADOW = NO;
				GCC_WARN_STRICT_SELECTOR_MATCH = NO;
				GCC_WARN_UNUSED_FUNCTION = YES;
				GCC_WARN_UNUSED_PARAMETER = NO;
				GCC_WARN_UNUSED_VALUE = NO;
				GCC_WARN_UNUSED_VARIABLE = NO;
				INSTALL_PATH = /usr/local/lib;
				LIBRARY_SEARCH_PATHS = "";
				OTHER_CFLAGS = (
					"-DDEBUG",
					"-DTI_POST_1_2",
				);
				OTHER_LDFLAGS = "-ObjC";
				PRODUCT_NAME = ComObscureRichText;
				PROVISIONING_PROFILE = "";
				"PROVISIONING_PROFILE[sdk=iphoneos*]" = "";
				RUN_CLANG_STATIC_ANALYZER = NO;
				SDKROOT = iphoneos;
				USER_HEADER_SEARCH_PATHS = "$(PROJECT_DIR)/vendor/DTCoreText/Core/Source/";
			};
			name = Debug;
		};
		1DEB922008733DC00010E9CD /* Release */ = {
			isa = XCBuildConfiguration;
			baseConfigurationReference = 24DD6D1B1134B66800162E58 /* titanium.xcconfig */;
			buildSettings = {
				ALWAYS_SEARCH_USER_PATHS = YES;
				ARCHS = (
					armv6,
					armv7,
				);
				"ARCHS[sdk=iphoneos*]" = (
					armv6,
					armv7,
				);
				"ARCHS[sdk=iphonesimulator*]" = i386;
				DSTROOT = /tmp/ComObscureRichText.dst;
				GCC_C_LANGUAGE_STANDARD = c99;
				GCC_MODEL_TUNING = G5;
				GCC_PRECOMPILE_PREFIX_HEADER = YES;
				GCC_PREFIX_HEADER = ComObscureRichText_Prefix.pch;
				GCC_PREPROCESSOR_DEFINITIONS = "TI_VERSION=$(TI_VERSION)";
				GCC_THUMB_SUPPORT = NO;
				GCC_TREAT_WARNINGS_AS_ERRORS = NO;
				GCC_VERSION = "";
				GCC_WARN_ABOUT_RETURN_TYPE = NO;
				GCC_WARN_MISSING_PARENTHESES = NO;
				GCC_WARN_SHADOW = NO;
				GCC_WARN_STRICT_SELECTOR_MATCH = NO;
				GCC_WARN_UNUSED_FUNCTION = YES;
				GCC_WARN_UNUSED_PARAMETER = NO;
				GCC_WARN_UNUSED_VALUE = NO;
				GCC_WARN_UNUSED_VARIABLE = NO;
				INSTALL_PATH = /usr/local/lib;
				IPHONEOS_DEPLOYMENT_TARGET = 4.3;
				LIBRARY_SEARCH_PATHS = "";
				OTHER_CFLAGS = "-DTI_POST_1_2";
				OTHER_LDFLAGS = "-ObjC";
				PRODUCT_NAME = ComObscureRichText;
				RUN_CLANG_STATIC_ANALYZER = NO;
				SDKROOT = iphoneos;
				USER_HEADER_SEARCH_PATHS = "$(PROJECT_DIR)/vendor/DTCoreText/Core/Source/";
			};
			name = Release;
		};
		1DEB922308733DC00010E9CD /* Debug */ = {
			isa = XCBuildConfiguration;
			baseConfigurationReference = 24DD6D1B1134B66800162E58 /* titanium.xcconfig */;
			buildSettings = {
				ARCHS = (
					armv6,
					armv7,
				);
				"ARCHS[sdk=iphoneos*]" = (
					armv6,
					armv7,
				);
				"ARCHS[sdk=iphonesimulator*]" = i386;
				CODE_SIGN_IDENTITY = "iPhone Developer";
				"CODE_SIGN_IDENTITY[sdk=iphoneos*]" = "iPhone Developer";
				DSTROOT = /tmp/ComObscureRichText.dst;
				GCC_C_LANGUAGE_STANDARD = c99;
				GCC_OPTIMIZATION_LEVEL = 0;
				GCC_PRECOMPILE_PREFIX_HEADER = YES;
				GCC_PREFIX_HEADER = ComObscureRichText_Prefix.pch;
				GCC_PREPROCESSOR_DEFINITIONS = "TI_VERSION=$(TI_VERSION)";
				GCC_THUMB_SUPPORT = NO;
				GCC_TREAT_WARNINGS_AS_ERRORS = NO;
				GCC_VERSION = "";
				GCC_WARN_ABOUT_RETURN_TYPE = NO;
				GCC_WARN_MISSING_PARENTHESES = NO;
				GCC_WARN_SHADOW = NO;
				GCC_WARN_STRICT_SELECTOR_MATCH = NO;
				GCC_WARN_UNUSED_FUNCTION = YES;
				GCC_WARN_UNUSED_PARAMETER = NO;
				GCC_WARN_UNUSED_VALUE = NO;
				GCC_WARN_UNUSED_VARIABLE = NO;
				INSTALL_PATH = /usr/local/lib;
				IPHONEOS_DEPLOYMENT_TARGET = 4.3;
				OTHER_CFLAGS = (
					"-DDEBUG",
					"-DTI_POST_1_2",
				);
				OTHER_LDFLAGS = "-ObjC";
				PRODUCT_NAME = ComObscureRichText;
				PROVISIONING_PROFILE = "";
				"PROVISIONING_PROFILE[sdk=iphoneos*]" = "";
				RUN_CLANG_STATIC_ANALYZER = NO;
				SDKROOT = iphoneos;
				TITANIUM_SDK_VERSION = 2.1.3.GA;
				USER_HEADER_SEARCH_PATHS = "$(PROJECT_DIR)/**";
			};
			name = Debug;
		};
		1DEB922408733DC00010E9CD /* Release */ = {
			isa = XCBuildConfiguration;
			baseConfigurationReference = 24DD6D1B1134B66800162E58 /* titanium.xcconfig */;
			buildSettings = {
				ALWAYS_SEARCH_USER_PATHS = YES;
				ARCHS = (
					armv6,
					armv7,
				);
				"ARCHS[sdk=iphoneos*]" = (
					armv6,
					armv7,
				);
				"ARCHS[sdk=iphonesimulator*]" = i386;
				DSTROOT = /tmp/ComObscureRichText.dst;
				GCC_C_LANGUAGE_STANDARD = c99;
				GCC_MODEL_TUNING = G5;
				GCC_PRECOMPILE_PREFIX_HEADER = YES;
				GCC_PREFIX_HEADER = ComObscureRichText_Prefix.pch;
				GCC_PREPROCESSOR_DEFINITIONS = "TI_VERSION=$(TI_VERSION)";
				GCC_THUMB_SUPPORT = NO;
				GCC_TREAT_WARNINGS_AS_ERRORS = NO;
				GCC_VERSION = "";
				GCC_WARN_ABOUT_RETURN_TYPE = NO;
				GCC_WARN_MISSING_PARENTHESES = NO;
				GCC_WARN_SHADOW = NO;
				GCC_WARN_STRICT_SELECTOR_MATCH = NO;
				GCC_WARN_UNUSED_FUNCTION = YES;
				GCC_WARN_UNUSED_PARAMETER = NO;
				GCC_WARN_UNUSED_VALUE = NO;
				GCC_WARN_UNUSED_VARIABLE = NO;
				INSTALL_PATH = /usr/local/lib;
				IPHONEOS_DEPLOYMENT_TARGET = 4.3;
				OTHER_CFLAGS = "-DTI_POST_1_2";
				OTHER_LDFLAGS = "-ObjC";
				PRODUCT_NAME = ComObscureRichText;
				RUN_CLANG_STATIC_ANALYZER = NO;
				SDKROOT = iphoneos;
				TITANIUM_SDK_VERSION = 2.1.3.GA;
				USER_HEADER_SEARCH_PATHS = "$(PROJECT_DIR)/**";
			};
			name = Release;
		};
		24416B8211C4CA220047AFDD /* Debug */ = {
			isa = XCBuildConfiguration;
			baseConfigurationReference = 24DD6D1B1134B66800162E58 /* titanium.xcconfig */;
			buildSettings = {
				COPY_PHASE_STRIP = NO;
				GCC_DYNAMIC_NO_PIC = NO;
				GCC_OPTIMIZATION_LEVEL = 0;
				GCC_THUMB_SUPPORT = NO;
				PRODUCT_NAME = "Build & test";
			};
			name = Debug;
		};
		24416B8311C4CA220047AFDD /* Release */ = {
			isa = XCBuildConfiguration;
			baseConfigurationReference = 24DD6D1B1134B66800162E58 /* titanium.xcconfig */;
			buildSettings = {
				COPY_PHASE_STRIP = YES;
				DEBUG_INFORMATION_FORMAT = "dwarf-with-dsym";
				GCC_THUMB_SUPPORT = NO;
				PRODUCT_NAME = "Build & test";
				ZERO_LINK = NO;
			};
			name = Release;
		};
/* End XCBuildConfiguration section */

/* Begin XCConfigurationList section */
		1DEB921E08733DC00010E9CD /* Build configuration list for PBXNativeTarget "richtext" */ = {
			isa = XCConfigurationList;
			buildConfigurations = (
				1DEB921F08733DC00010E9CD /* Debug */,
				1DEB922008733DC00010E9CD /* Release */,
			);
			defaultConfigurationIsVisible = 0;
			defaultConfigurationName = Release;
		};
		1DEB922208733DC00010E9CD /* Build configuration list for PBXProject "richtext" */ = {
			isa = XCConfigurationList;
			buildConfigurations = (
				1DEB922308733DC00010E9CD /* Debug */,
				1DEB922408733DC00010E9CD /* Release */,
			);
			defaultConfigurationIsVisible = 0;
			defaultConfigurationName = Release;
		};
		24416B8A11C4CA520047AFDD /* Build configuration list for PBXAggregateTarget "Build & Test" */ = {
			isa = XCConfigurationList;
			buildConfigurations = (
				24416B8211C4CA220047AFDD /* Debug */,
				24416B8311C4CA220047AFDD /* Release */,
			);
			defaultConfigurationIsVisible = 0;
			defaultConfigurationName = Release;
		};
/* End XCConfigurationList section */
	};
	rootObject = 0867D690FE84028FC02AAC07 /* Project object */;
}
